
Microsoft Visual Studio Solution File, Format Version 12.00
# Visual Studio Version 17
VisualStudioVersion = 17.9.34616.47
MinimumVisualStudioVersion = 10.0.40219.1
Project("{2150E333-8FDC-42A3-9474-1A3956D46DE8}") = "Source", "Source", "{5A8FB729-C3DA-4785-A9D3-A7C23AB6FDA7}"
EndProject
Project("{2150E333-8FDC-42A3-9474-1A3956D46DE8}") = "Infrastructure", "Infrastructure", "{B527A75C-0D0A-4591-B7C8-1447FD06876E}"
EndProject
Project("{2150E333-8FDC-42A3-9474-1A3956D46DE8}") = "Shared", "Shared", "{67DF0A6E-6987-4B1E-99C5-0F5DF8FC0D08}"
EndProject
Project("{2150E333-8FDC-42A3-9474-1A3956D46DE8}") = "Core", "Core", "{81693349-0124-409D-8F2F-B14AF31BF4BB}"
EndProject
Project("{2150E333-8FDC-42A3-9474-1A3956D46DE8}") = "Web", "Web", "{6F28E372-E4E0-417D-B3AC-2D9F1C3E8FCE}"
EndProject
Project("{2150E333-8FDC-42A3-9474-1A3956D46DE8}") = "API", "API", "{5C7B0FA3-B91F-43B3-BF33-5E32299D43E1}"
EndProject
Project("{2150E333-8FDC-42A3-9474-1A3956D46DE8}") = "WebApp", "WebApp", "{A9161E68-D50D-481A-A3E9-F774A6D6A273}"
EndProject
Project("{9A19103F-16F7-4668-BE54-9A1E7A4F7556}") = "NCTServices.API.Common", "NCTServices.API.Common\NCTServices.API.Common.csproj", "{E9069CB8-0D8C-435B-8EC9-2DDFF5D9A26C}"
EndProject
Project("{9A19103F-16F7-4668-BE54-9A1E7A4F7556}") = "NCTServices.Shared", "NCTServices.Shared\NCTServices.Shared.csproj", "{DFE49B56-809C-4FA2-A2AF-D945AACC200D}"
EndProject
Project("{9A19103F-16F7-4668-BE54-9A1E7A4F7556}") = "NCTServices.Model", "NCTServices.Model\NCTServices.Model.csproj", "{08332D1D-E2F7-46A9-A01B-FCCF6CF45A5F}"
EndProject
Project("{9A19103F-16F7-4668-BE54-9A1E7A4F7556}") = "NCTServices.Domain", "NCTServices.Domain\NCTServices.Domain.csproj", "{DF6ED88E-827C-4093-8016-29A0E390204D}"
EndProject
Project("{9A19103F-16F7-4668-BE54-9A1E7A4F7556}") = "NCTServices.Contracts", "NCTServices.Contracts\NCTServices.Contracts.csproj", "{719B24F7-7F33-49B0-98D2-16F79D041765}"
EndProject
Project("{9A19103F-16F7-4668-BE54-9A1E7A4F7556}") = "NCTServices.Infrastructure", "NCTServices.Infrastructure\NCTServices.Infrastructure.csproj", "{706A3EF3-5B31-42A7-B61D-EDDAF0057D6C}"
EndProject
Project("{9A19103F-16F7-4668-BE54-9A1E7A4F7556}") = "NCTServices.Infrastructure.Shared", "NCTServices.Infrastructure.Shared\NCTServices.Infrastructure.Shared.csproj", "{7B7A469B-F03A-457D-B3EA-8672EEF07764}"
EndProject
Project("{9A19103F-16F7-4668-BE54-9A1E7A4F7556}") = "NCTServices.Application.Common", "NCTServices.Application.Common\NCTServices.Application.Common.csproj", "{1235D743-96FA-4F63-BCC8-684A48A3097E}"
EndProject
Global
	GlobalSection(SolutionConfigurationPlatforms) = preSolution
		Debug|Any CPU = Debug|Any CPU
		Release|Any CPU = Release|Any CPU
	EndGlobalSection
	GlobalSection(ProjectConfigurationPlatforms) = postSolution
		{E9069CB8-0D8C-435B-8EC9-2DDFF5D9A26C}.Debug|Any CPU.ActiveCfg = Debug|Any CPU
		{E9069CB8-0D8C-435B-8EC9-2DDFF5D9A26C}.Debug|Any CPU.Build.0 = Debug|Any CPU
		{E9069CB8-0D8C-435B-8EC9-2DDFF5D9A26C}.Release|Any CPU.ActiveCfg = Release|Any CPU
		{E9069CB8-0D8C-435B-8EC9-2DDFF5D9A26C}.Release|Any CPU.Build.0 = Release|Any CPU
		{DFE49B56-809C-4FA2-A2AF-D945AACC200D}.Debug|Any CPU.ActiveCfg = Debug|Any CPU
		{DFE49B56-809C-4FA2-A2AF-D945AACC200D}.Debug|Any CPU.Build.0 = Debug|Any CPU
		{DFE49B56-809C-4FA2-A2AF-D945AACC200D}.Release|Any CPU.ActiveCfg = Release|Any CPU
		{DFE49B56-809C-4FA2-A2AF-D945AACC200D}.Release|Any CPU.Build.0 = Release|Any CPU
		{08332D1D-E2F7-46A9-A01B-FCCF6CF45A5F}.Debug|Any CPU.ActiveCfg = Debug|Any CPU
		{08332D1D-E2F7-46A9-A01B-FCCF6CF45A5F}.Debug|Any CPU.Build.0 = Debug|Any CPU
		{08332D1D-E2F7-46A9-A01B-FCCF6CF45A5F}.Release|Any CPU.ActiveCfg = Release|Any CPU
		{08332D1D-E2F7-46A9-A01B-FCCF6CF45A5F}.Release|Any CPU.Build.0 = Release|Any CPU
		{DF6ED88E-827C-4093-8016-29A0E390204D}.Debug|Any CPU.ActiveCfg = Debug|Any CPU
		{DF6ED88E-827C-4093-8016-29A0E390204D}.Debug|Any CPU.Build.0 = Debug|Any CPU
		{DF6ED88E-827C-4093-8016-29A0E390204D}.Release|Any CPU.ActiveCfg = Release|Any CPU
		{DF6ED88E-827C-4093-8016-29A0E390204D}.Release|Any CPU.Build.0 = Release|Any CPU
		{719B24F7-7F33-49B0-98D2-16F79D041765}.Debug|Any CPU.ActiveCfg = Debug|Any CPU
		{719B24F7-7F33-49B0-98D2-16F79D041765}.Debug|Any CPU.Build.0 = Debug|Any CPU
		{719B24F7-7F33-49B0-98D2-16F79D041765}.Release|Any CPU.ActiveCfg = Release|Any CPU
		{719B24F7-7F33-49B0-98D2-16F79D041765}.Release|Any CPU.Build.0 = Release|Any CPU
		{706A3EF3-5B31-42A7-B61D-EDDAF0057D6C}.Debug|Any CPU.ActiveCfg = Debug|Any CPU
		{706A3EF3-5B31-42A7-B61D-EDDAF0057D6C}.Debug|Any CPU.Build.0 = Debug|Any CPU
		{706A3EF3-5B31-42A7-B61D-EDDAF0057D6C}.Release|Any CPU.ActiveCfg = Release|Any CPU
		{706A3EF3-5B31-42A7-B61D-EDDAF0057D6C}.Release|Any CPU.Build.0 = Release|Any CPU
		{7B7A469B-F03A-457D-B3EA-8672EEF07764}.Debug|Any CPU.ActiveCfg = Debug|Any CPU
		{7B7A469B-F03A-457D-B3EA-8672EEF07764}.Debug|Any CPU.Build.0 = Debug|Any CPU
		{7B7A469B-F03A-457D-B3EA-8672EEF07764}.Release|Any CPU.ActiveCfg = Release|Any CPU
		{7B7A469B-F03A-457D-B3EA-8672EEF07764}.Release|Any CPU.Build.0 = Release|Any CPU
		{1235D743-96FA-4F63-BCC8-684A48A3097E}.Debug|Any CPU.ActiveCfg = Debug|Any CPU
		{1235D743-96FA-4F63-BCC8-684A48A3097E}.Debug|Any CPU.Build.0 = Debug|Any CPU
		{1235D743-96FA-4F63-BCC8-684A48A3097E}.Release|Any CPU.ActiveCfg = Release|Any CPU
		{1235D743-96FA-4F63-BCC8-684A48A3097E}.Release|Any CPU.Build.0 = Release|Any CPU
	EndGlobalSection
	GlobalSection(SolutionProperties) = preSolution
		HideSolutionNode = FALSE
	EndGlobalSection
	GlobalSection(NestedProjects) = preSolution
		{B527A75C-0D0A-4591-B7C8-1447FD06876E} = {5A8FB729-C3DA-4785-A9D3-A7C23AB6FDA7}
		{67DF0A6E-6987-4B1E-99C5-0F5DF8FC0D08} = {5A8FB729-C3DA-4785-A9D3-A7C23AB6FDA7}
		{81693349-0124-409D-8F2F-B14AF31BF4BB} = {5A8FB729-C3DA-4785-A9D3-A7C23AB6FDA7}
		{6F28E372-E4E0-417D-B3AC-2D9F1C3E8FCE} = {5A8FB729-C3DA-4785-A9D3-A7C23AB6FDA7}
		{5C7B0FA3-B91F-43B3-BF33-5E32299D43E1} = {6F28E372-E4E0-417D-B3AC-2D9F1C3E8FCE}
		{A9161E68-D50D-481A-A3E9-F774A6D6A273} = {6F28E372-E4E0-417D-B3AC-2D9F1C3E8FCE}
		{E9069CB8-0D8C-435B-8EC9-2DDFF5D9A26C} = {5C7B0FA3-B91F-43B3-BF33-5E32299D43E1}
		{DFE49B56-809C-4FA2-A2AF-D945AACC200D} = {67DF0A6E-6987-4B1E-99C5-0F5DF8FC0D08}
		{08332D1D-E2F7-46A9-A01B-FCCF6CF45A5F} = {67DF0A6E-6987-4B1E-99C5-0F5DF8FC0D08}
		{DF6ED88E-827C-4093-8016-29A0E390204D} = {81693349-0124-409D-8F2F-B14AF31BF4BB}
		{719B24F7-7F33-49B0-98D2-16F79D041765} = {81693349-0124-409D-8F2F-B14AF31BF4BB}
		{706A3EF3-5B31-42A7-B61D-EDDAF0057D6C} = {B527A75C-0D0A-4591-B7C8-1447FD06876E}
		{7B7A469B-F03A-457D-B3EA-8672EEF07764} = {B527A75C-0D0A-4591-B7C8-1447FD06876E}
		{1235D743-96FA-4F63-BCC8-684A48A3097E} = {81693349-0124-409D-8F2F-B14AF31BF4BB}
	EndGlobalSection
	GlobalSection(ExtensibilityGlobals) = postSolution
		SolutionGuid = {C63B8FAE-13BD-4E89-89B1-A618E9BCCFE6}
	EndGlobalSection
EndGlobal
